{
  "name": "server",
  "version": "1.0.0",
  "lockfileVersion": 3,
  "requires": true,
  "packages": {
    "": {
      "name": "server",
      "version": "1.0.0",
      "license": "ISC",
      "dependencies": {
        "cors": "^2.8.5",

        "express": "^5.1.0",
        "mssql": "^11.0.1",
        "mysql": "^2.18.1",

        "dotenv": "^16.5.0",
        "express": "^5.1.0",
        "mssql": "^11.0.1",

        "nodemon": "^3.1.10"
      }
    },
  }
    "node_modules/@azure/abort-controller": {
      "version": "2.1.2",
      "resolved": "https://registry.npmjs.org/@azure/abort-controller/-/abort-controller-2.1.2.tgz",
      "integrity": "sha512-nBrLsEWm4J2u5LpAPjxADTlq3trDgVZZXHNKabeXZtpq3d3AbN/KGO82R87rdDz5/lYB024rtEf10/q0urNgsA==",

      "license": "MIT",

      "dependencies": {
        "tslib": "^2.6.2"
      },
      "engines": {
        "node": ">=18.0.0"
      }
    },
    "node_modules/@azure/core-auth": {
      "version": "1.9.0",
      "resolved": "https://registry.npmjs.org/@azure/core-auth/-/core-auth-1.9.0.tgz",
      "integrity": "sha512-FPwHpZywuyasDSLMqJ6fhbOK3TqUdviZNF8OqRGA4W5Ewib2lEEZ+pBsYcBa88B2NGO/SEnYPGhyBqNlE8ilSw==",

      "license": "MIT",

      "dependencies": {
        "@azure/abort-controller": "^2.0.0",
        "@azure/core-util": "^1.11.0",
        "tslib": "^2.6.2"
      },
      "engines": {
        "node": ">=18.0.0"
      }
    },
    "node_modules/@azure/core-client": {
      "version": "1.9.4",
      "resolved": "https://registry.npmjs.org/@azure/core-client/-/core-client-1.9.4.tgz",
      "integrity": "sha512-f7IxTD15Qdux30s2qFARH+JxgwxWLG2Rlr4oSkPGuLWm+1p5y1+C04XGLA0vmX6EtqfutmjvpNmAfgwVIS5hpw==",

      "license": "MIT",

      "dependencies": {
        "@azure/abort-controller": "^2.0.0",
        "@azure/core-auth": "^1.4.0",
        "@azure/core-rest-pipeline": "^1.20.0",
        "@azure/core-tracing": "^1.0.0",
        "@azure/core-util": "^1.6.1",
        "@azure/logger": "^1.0.0",
        "tslib": "^2.6.2"
      },
      "engines": {
        "node": ">=18.0.0"
      }
    },
    "node_modules/@azure/core-http-compat": {
      "version": "2.3.0",
      "resolved": "https://registry.npmjs.org/@azure/core-http-compat/-/core-http-compat-2.3.0.tgz",
      "integrity": "sha512-qLQujmUypBBG0gxHd0j6/Jdmul6ttl24c8WGiLXIk7IHXdBlfoBqW27hyz3Xn6xbfdyVSarl1Ttbk0AwnZBYCw==",

      "license": "MIT",

      "dependencies": {
        "@azure/abort-controller": "^2.0.0",
        "@azure/core-client": "^1.3.0",
        "@azure/core-rest-pipeline": "^1.20.0"
      },
      "engines": {
        "node": ">=18.0.0"
      }
    },
    "node_modules/@azure/core-lro": {
      "version": "2.7.2",
      "resolved": "https://registry.npmjs.org/@azure/core-lro/-/core-lro-2.7.2.tgz",
      "integrity": "sha512-0YIpccoX8m/k00O7mDDMdJpbr6mf1yWo2dfmxt5A8XVZVVMz2SSKaEbMCeJRvgQ0IaSlqhjT47p4hVIRRy90xw==",

      "license": "MIT",

      "dependencies": {
        "@azure/abort-controller": "^2.0.0",
        "@azure/core-util": "^1.2.0",
        "@azure/logger": "^1.0.0",
        "tslib": "^2.6.2"
      },
      "engines": {
        "node": ">=18.0.0"
      }
    },
    "node_modules/@azure/core-paging": {
      "version": "1.6.2",
      "resolved": "https://registry.npmjs.org/@azure/core-paging/-/core-paging-1.6.2.tgz",
      "integrity": "sha512-YKWi9YuCU04B55h25cnOYZHxXYtEvQEbKST5vqRga7hWY9ydd3FZHdeQF8pyh+acWZvppw13M/LMGx0LABUVMA==",

      "license": "MIT",

      "dependencies": {
        "tslib": "^2.6.2"
      },
      "engines": {
        "node": ">=18.0.0"
      }
    },
    "node_modules/@azure/core-rest-pipeline": {
      "version": "1.20.0",
      "resolved": "https://registry.npmjs.org/@azure/core-rest-pipeline/-/core-rest-pipeline-1.20.0.tgz",
      "integrity": "sha512-ASoP8uqZBS3H/8N8at/XwFr6vYrRP3syTK0EUjDXQy0Y1/AUS+QeIRThKmTNJO2RggvBBxaXDPM7YoIwDGeA0g==",

      "license": "MIT",

      "dependencies": {
        "@azure/abort-controller": "^2.0.0",
        "@azure/core-auth": "^1.8.0",
        "@azure/core-tracing": "^1.0.1",
        "@azure/core-util": "^1.11.0",
        "@azure/logger": "^1.0.0",
        "@typespec/ts-http-runtime": "^0.2.2",
        "tslib": "^2.6.2"
      },
      "engines": {
        "node": ">=18.0.0"
      }
    },
    "node_modules/@azure/core-tracing": {
      "version": "1.2.0",
      "resolved": "https://registry.npmjs.org/@azure/core-tracing/-/core-tracing-1.2.0.tgz",
      "integrity": "sha512-UKTiEJPkWcESPYJz3X5uKRYyOcJD+4nYph+KpfdPRnQJVrZfk0KJgdnaAWKfhsBBtAf/D58Az4AvCJEmWgIBAg==",

      "license": "MIT",

      "dependencies": {
        "tslib": "^2.6.2"
      },
      "engines": {
        "node": ">=18.0.0"
      }
    },
    "node_modules/@azure/core-util": {
      "version": "1.12.0",
      "resolved": "https://registry.npmjs.org/@azure/core-util/-/core-util-1.12.0.tgz",
      "integrity": "sha512-13IyjTQgABPARvG90+N2dXpC+hwp466XCdQXPCRlbWHgd3SJd5Q1VvaBGv6k1BIa4MQm6hAF1UBU1m8QUxV8sQ==",

      "license": "MIT",

      "dependencies": {
        "@azure/abort-controller": "^2.0.0",
        "@typespec/ts-http-runtime": "^0.2.2",
        "tslib": "^2.6.2"
      },
      "engines": {
        "node": ">=18.0.0"
      }
    },
    "node_modules/@azure/identity": {
      "version": "4.10.0",
      "resolved": "https://registry.npmjs.org/@azure/identity/-/identity-4.10.0.tgz",
      "integrity": "sha512-iT53Sre2NJK6wzMWnvpjNiR3md597LZ3uK/5kQD2TkrY9vqhrY5bt2KwELNjkOWQ9n8S/92knj/QEykTtjMNqQ==",
    }
  }